
Microsoft Visual Studio Solution File, Format Version 12.00
# Visual Studio 15
Project("{FAE04EC0-301F-11D3-BF4B-00C04F79EFBC}") = "Assembly-CSharp", "Assembly-CSharp.csproj", "{6791FF16-A668-FB20-D439-0326211D833C}"
EndProject
Project("{FAE04EC0-301F-11D3-BF4B-00C04F79EFBC}") = "Assembly-CSharp-Editor", "Assembly-CSharp-Editor.csproj", "{453E32AE-D142-1BCA-AC5B-90F0CC3F77EB}"
EndProject
Global
	GlobalSection(SolutionConfigurationPlatforms) = preSolution
		Debug|Any CPU = Debug|Any CPU
		Release|Any CPU = Release|Any CPU
	EndGlobalSection
	GlobalSection(ProjectConfigurationPlatforms) = postSolution
		{6791FF16-A668-FB20-D439-0326211D833C}.Debug|Any CPU.ActiveCfg = Debug|Any CPU
		{6791FF16-A668-FB20-D439-0326211D833C}.Debug|Any CPU.Build.0 = Debug|Any CPU
		{6791FF16-A668-FB20-D439-0326211D833C}.Release|Any CPU.ActiveCfg = Release|Any CPU
		{6791FF16-A668-FB20-D439-0326211D833C}.Release|Any CPU.Build.0 = Release|Any CPU
		{453E32AE-D142-1BCA-AC5B-90F0CC3F77EB}.Debug|Any CPU.ActiveCfg = Debug|Any CPU
		{453E32AE-D142-1BCA-AC5B-90F0CC3F77EB}.Debug|Any CPU.Build.0 = Debug|Any CPU
		{453E32AE-D142-1BCA-AC5B-90F0CC3F77EB}.Release|Any CPU.ActiveCfg = Release|Any CPU
		{453E32AE-D142-1BCA-AC5B-90F0CC3F77EB}.Release|Any CPU.Build.0 = Release|Any CPU
	EndGlobalSection
	GlobalSection(SolutionProperties) = preSolution
		HideSolutionNode = FALSE
	EndGlobalSection
EndGlobal
